
Microsoft Visual Studio Solution File, Format Version 12.00
# Visual Studio Version 16
VisualStudioVersion = 16.0.30711.63
MinimumVisualStudioVersion = 10.0.40219.1
Project("{FAE04EC0-301F-11D3-BF4B-00C04F79EFBC}") = "CRUDWebApp", "..\CRUDWebApp\CRUDWebApp.csproj", "{AA24CDC5-33D8-427C-A434-903DBA16ED6C}"
EndProject
Global
	GlobalSection(SolutionConfigurationPlatforms) = preSolution
		Debug|Any CPU = Debug|Any CPU
		Release|Any CPU = Release|Any CPU
	EndGlobalSection
	GlobalSection(ProjectConfigurationPlatforms) = postSolution
		{AA24CDC5-33D8-427C-A434-903DBA16ED6C}.Debug|Any CPU.ActiveCfg = Debug|Any CPU
		{AA24CDC5-33D8-427C-A434-903DBA16ED6C}.Debug|Any CPU.Build.0 = Debug|Any CPU
		{AA24CDC5-33D8-427C-A434-903DBA16ED6C}.Release|Any CPU.ActiveCfg = Release|Any CPU
		{AA24CDC5-33D8-427C-A434-903DBA16ED6C}.Release|Any CPU.Build.0 = Release|Any CPU
	EndGlobalSection
	GlobalSection(SolutionProperties) = preSolution
		HideSolutionNode = FALSE
	EndGlobalSection
	GlobalSection(ExtensibilityGlobals) = postSolution
		SolutionGuid = {D14DD451-9763-4A06-802F-C003CB84FE63}
	EndGlobalSection
EndGlobal
